
Microsoft Visual Studio Solution File, Format Version 12.00
# Visual Studio 15
VisualStudioVersion = 15.0.28307.1022
MinimumVisualStudioVersion = 10.0.40219.1
Project("{FAE04EC0-301F-11D3-BF4B-00C04F79EFBC}") = "Sampel39", "Sampel39\Sampel39.csproj", "{B028A11A-CEE9-4433-AC80-51B3B56F3443}"
EndProject
Project("{FAE04EC0-301F-11D3-BF4B-00C04F79EFBC}") = "Sempel5", "Sempel5\Sempel5.csproj", "{07C9E8E5-D479-40A5-B0AF-2BD2ACAACAC4}"
EndProject
Global
	GlobalSection(SolutionConfigurationPlatforms) = preSolution
		Debug|Any CPU = Debug|Any CPU
		Release|Any CPU = Release|Any CPU
	EndGlobalSection
	GlobalSection(ProjectConfigurationPlatforms) = postSolution
		{B028A11A-CEE9-4433-AC80-51B3B56F3443}.Debug|Any CPU.ActiveCfg = Debug|Any CPU
		{B028A11A-CEE9-4433-AC80-51B3B56F3443}.Debug|Any CPU.Build.0 = Debug|Any CPU
		{B028A11A-CEE9-4433-AC80-51B3B56F3443}.Release|Any CPU.ActiveCfg = Release|Any CPU
		{B028A11A-CEE9-4433-AC80-51B3B56F3443}.Release|Any CPU.Build.0 = Release|Any CPU
		{07C9E8E5-D479-40A5-B0AF-2BD2ACAACAC4}.Debug|Any CPU.ActiveCfg = Debug|Any CPU
		{07C9E8E5-D479-40A5-B0AF-2BD2ACAACAC4}.Debug|Any CPU.Build.0 = Debug|Any CPU
		{07C9E8E5-D479-40A5-B0AF-2BD2ACAACAC4}.Release|Any CPU.ActiveCfg = Release|Any CPU
		{07C9E8E5-D479-40A5-B0AF-2BD2ACAACAC4}.Release|Any CPU.Build.0 = Release|Any CPU
	EndGlobalSection
	GlobalSection(SolutionProperties) = preSolution
		HideSolutionNode = FALSE
	EndGlobalSection
	GlobalSection(ExtensibilityGlobals) = postSolution
		SolutionGuid = {320D75B8-75E7-42E8-B942-7A9B182F206F}
	EndGlobalSection
EndGlobal
